// !$*UTF8*$!
{
	archiveVersion = 1;
	classes = {
	};
	objectVersion = 70;
	objects = {

/* Begin PBXBuildFile section */
		F53A20F22F6A20B9004987EC /* FirebaseAuth in Frameworks */ = {isa = PBXBuildFile; productRef = F53A20F12F6A20B9004987EC /* FirebaseAuth */; };
		F53A21042F7016EC004987EC /* GoogleSignIn in Frameworks */ = {isa = PBXBuildFile; productRef = F53A21032F7016EC004987EC /* GoogleSignIn */; };
		F53A21062F701776004987EC /* GoogleSignInSwift in Frameworks */ = {isa = PBXBuildFile; productRef = F53A21052F701776004987EC /* GoogleSignInSwift */; };
		F53A21202F757604004987EC /* FirebaseCore in Frameworks */ = {isa = PBXBuildFile; productRef = F53A211F2F757604004987EC /* FirebaseCore */; };
/* End PBXBuildFile section */

/* Begin PBXContainerItemProxy section */
		F53A20D12F6A1E81004987EC /* PBXContainerItemProxy */ = {
			isa = PBXContainerItemProxy;
			containerPortal = F5DE39D12F4AD817005DE734 /* Project object */;
			proxyType = 1;
			remoteGlobalIDString = F53A20BF2F6A1E80004987EC;
			remoteInfo = totpVerifier;
		};
		F53A20DB2F6A1E81004987EC /* PBXContainerItemProxy */ = {
			isa = PBXContainerItemProxy;
			containerPortal = F5DE39D12F4AD817005DE734 /* Project object */;
			proxyType = 1;
			remoteGlobalIDString = F53A20BF2F6A1E80004987EC;
			remoteInfo = totpVerifier;
		};
/* End PBXContainerItemProxy section */

/* Begin PBXFileReference section */
		F53A20C02F6A1E80004987EC /* MacGuard.app */ = {isa = PBXFileReference; explicitFileType = wrapper.application; includeInIndex = 0; path = MacGuard.app; sourceTree = BUILT_PRODUCTS_DIR; };
		F53A20D02F6A1E81004987EC /* totpVerifierTests.xctest */ = {isa = PBXFileReference; explicitFileType = wrapper.cfbundle; includeInIndex = 0; path = totpVerifierTests.xctest; sourceTree = BUILT_PRODUCTS_DIR; };
		F53A20DA2F6A1E81004987EC /* totpVerifierUITests.xctest */ = {isa = PBXFileReference; explicitFileType = wrapper.cfbundle; includeInIndex = 0; path = totpVerifierUITests.xctest; sourceTree = BUILT_PRODUCTS_DIR; };
		F5DE39D92F4AD817005DE734 /* MacGuardMechanism.bundle */ = {isa = PBXFileReference; explicitFileType = wrapper.cfbundle; includeInIndex = 0; path = MacGuardMechanism.bundle; sourceTree = BUILT_PRODUCTS_DIR; };
		F5DE39E32F4AD981005DE734 /* MacGuard-Bridging-Header.h */ = {isa = PBXFileReference; lastKnownFileType = sourcecode.c.h; path = "MacGuard-Bridging-Header.h"; sourceTree = "<group>"; };
/* End PBXFileReference section */

/* Begin PBXFileSystemSynchronizedBuildFileExceptionSet section */
		F52458443062109000DE15CA /* PBXFileSystemSynchronizedBuildFileExceptionSet */ = {
			isa = PBXFileSystemSynchronizedBuildFileExceptionSet;
			membershipExceptions = (
				Model/LocalUserMapper.swift,
				Utility/ODRecordMapper.swift,
			);
			target = F5DE39D82F4AD817005DE734 /* MacGuardMechanism */;
		};
		F53A20F42F6A2712004987EC /* PBXFileSystemSynchronizedBuildFileExceptionSet */ = {
			isa = PBXFileSystemSynchronizedBuildFileExceptionSet;
			membershipExceptions = (
				Info.plist,
			);
			target = F53A20BF2F6A1E80004987EC /* MacGuard */;
		};
/* End PBXFileSystemSynchronizedBuildFileExceptionSet section */

/* Begin PBXFileSystemSynchronizedRootGroup section */
		F52458A33070C25B00DE15CA /* MacGuardMechanism */ = {isa = PBXFileSystemSynchronizedRootGroup; explicitFileTypes = {}; explicitFolders = (); path = MacGuardMechanism; sourceTree = "<group>"; };
		F53A20C12F6A1E80004987EC /* MacGuard */ = {isa = PBXFileSystemSynchronizedRootGroup; exceptions = (F52458443062109000DE15CA /* PBXFileSystemSynchronizedBuildFileExceptionSet */, F53A20F42F6A2712004987EC /* PBXFileSystemSynchronizedBuildFileExceptionSet */, ); explicitFileTypes = {}; explicitFolders = (); path = MacGuard; sourceTree = "<group>"; };
		F53A20D32F6A1E81004987EC /* totpVerifierTests */ = {isa = PBXFileSystemSynchronizedRootGroup; explicitFileTypes = {}; explicitFolders = (); path = totpVerifierTests; sourceTree = "<group>"; };
		F53A20DD2F6A1E81004987EC /* totpVerifierUITests */ = {isa = PBXFileSystemSynchronizedRootGroup; explicitFileTypes = {}; explicitFolders = (); path = totpVerifierUITests; sourceTree = "<group>"; };
/* End PBXFileSystemSynchronizedRootGroup section */

/* Begin PBXFrameworksBuildPhase section */
		F53A20BD2F6A1E80004987EC /* Frameworks */ = {
			isa = PBXFrameworksBuildPhase;
			buildActionMask = 2147483647;
			files = (
				F53A21062F701776004987EC /* GoogleSignInSwift in Frameworks */,
				F53A20F22F6A20B9004987EC /* FirebaseAuth in Frameworks */,
				F53A21202F757604004987EC /* FirebaseCore in Frameworks */,
				F53A21042F7016EC004987EC /* GoogleSignIn in Frameworks */,
			);
			runOnlyForDeploymentPostprocessing = 0;
		};
		F53A20CD2F6A1E81004987EC /* Frameworks */ = {
			isa = PBXFrameworksBuildPhase;
			buildActionMask = 2147483647;
			files = (
			);
			runOnlyForDeploymentPostprocessing = 0;
		};
		F53A20D72F6A1E81004987EC /* Frameworks */ = {
			isa = PBXFrameworksBuildPhase;
			buildActionMask = 2147483647;
			files = (
			);
			runOnlyForDeploymentPostprocessing = 0;
		};
		F5DE39D62F4AD817005DE734 /* Frameworks */ = {
			isa = PBXFrameworksBuildPhase;
			buildActionMask = 2147483647;
			files = (
			);
			runOnlyForDeploymentPostprocessing = 0;
		};
/* End PBXFrameworksBuildPhase section */

/* Begin PBXGroup section */
		F53A20F02F6A20B9004987EC /* Frameworks */ = {
			isa = PBXGroup;
			children = (
			);
			name = Frameworks;
			sourceTree = "<group>";
		};
		F5DE39D02F4AD817005DE734 = {
			isa = PBXGroup;
			children = (
				F52458A33070C25B00DE15CA /* MacGuardMechanism */,
				F53A20C12F6A1E80004987EC /* MacGuard */,
				F53A20D32F6A1E81004987EC /* totpVerifierTests */,
				F53A20DD2F6A1E81004987EC /* totpVerifierUITests */,
				F5DE39DA2F4AD817005DE734 /* Products */,
				F5DE39E32F4AD981005DE734 /* MacGuard-Bridging-Header.h */,
				F53A20F02F6A20B9004987EC /* Frameworks */,
			);
			sourceTree = "<group>";
		};
		F5DE39DA2F4AD817005DE734 /* Products */ = {
			isa = PBXGroup;
			children = (
				F5DE39D92F4AD817005DE734 /* MacGuardMechanism.bundle */,
				F53A20C02F6A1E80004987EC /* MacGuard.app */,
				F53A20D02F6A1E81004987EC /* totpVerifierTests.xctest */,
				F53A20DA2F6A1E81004987EC /* totpVerifierUITests.xctest */,
			);
			name = Products;
			sourceTree = "<group>";
		};
/* End PBXGroup section */

/* Begin PBXNativeTarget section */
		F53A20BF2F6A1E80004987EC /* MacGuard */ = {
			isa = PBXNativeTarget;
			buildConfigurationList = F53A20E82F6A1E81004987EC /* Build configuration list for PBXNativeTarget "MacGuard" */;
			buildPhases = (
				F53A20BC2F6A1E80004987EC /* Sources */,
				F53A20BD2F6A1E80004987EC /* Frameworks */,
				F53A20BE2F6A1E80004987EC /* Resources */,
			);
			buildRules = (
			);
			dependencies = (
			);
			fileSystemSynchronizedGroups = (
				F53A20C12F6A1E80004987EC /* MacGuard */,
			);
			name = MacGuard;
			packageProductDependencies = (
				F53A20F12F6A20B9004987EC /* FirebaseAuth */,
				F53A21032F7016EC004987EC /* GoogleSignIn */,
				F53A21052F701776004987EC /* GoogleSignInSwift */,
				F53A211F2F757604004987EC /* FirebaseCore */,
			);
			productName = totpVerifier;
			productReference = F53A20C02F6A1E80004987EC /* MacGuard.app */;
			productType = "com.apple.product-type.application";
		};
		F53A20CF2F6A1E81004987EC /* totpVerifierTests */ = {
			isa = PBXNativeTarget;
			buildConfigurationList = F53A20E92F6A1E81004987EC /* Build configuration list for PBXNativeTarget "totpVerifierTests" */;
			buildPhases = (
				F53A20CC2F6A1E81004987EC /* Sources */,
				F53A20CD2F6A1E81004987EC /* Frameworks */,
				F53A20CE2F6A1E81004987EC /* Resources */,
			);
			buildRules = (
			);
			dependencies = (
				F53A20D22F6A1E81004987EC /* PBXTargetDependency */,
			);
			fileSystemSynchronizedGroups = (
				F53A20D32F6A1E81004987EC /* totpVerifierTests */,
			);
			name = totpVerifierTests;
			packageProductDependencies = (
			);
			productName = totpVerifierTests;
			productReference = F53A20D02F6A1E81004987EC /* totpVerifierTests.xctest */;
			productType = "com.apple.product-type.bundle.unit-test";
		};
		F53A20D92F6A1E81004987EC /* totpVerifierUITests */ = {
			isa = PBXNativeTarget;
			buildConfigurationList = F53A20EA2F6A1E81004987EC /* Build configuration list for PBXNativeTarget "totpVerifierUITests" */;
			buildPhases = (
				F53A20D62F6A1E81004987EC /* Sources */,
				F53A20D72F6A1E81004987EC /* Frameworks */,
				F53A20D82F6A1E81004987EC /* Resources */,
			);
			buildRules = (
			);
			dependencies = (
				F53A20DC2F6A1E81004987EC /* PBXTargetDependency */,
			);
			fileSystemSynchronizedGroups = (
				F53A20DD2F6A1E81004987EC /* totpVerifierUITests */,
			);
			name = totpVerifierUITests;
			packageProductDependencies = (
			);
			productName = totpVerifierUITests;
			productReference = F53A20DA2F6A1E81004987EC /* totpVerifierUITests.xctest */;
			productType = "com.apple.product-type.bundle.ui-testing";
		};
		F5DE39D82F4AD817005DE734 /* MacGuardMechanism */ = {
			isa = PBXNativeTarget;
			buildConfigurationList = F5DE39DD2F4AD817005DE734 /* Build configuration list for PBXNativeTarget "MacGuardMechanism" */;
			buildPhases = (
				F5DE39D52F4AD817005DE734 /* Sources */,
				F5DE39D62F4AD817005DE734 /* Frameworks */,
				F5DE39D72F4AD817005DE734 /* Resources */,
			);
			buildRules = (
			);
			dependencies = (
			);
			fileSystemSynchronizedGroups = (
				F52458A33070C25B00DE15CA /* MacGuardMechanism */,
			);
			name = MacGuardMechanism;
			packageProductDependencies = (
			);
			productName = MacGuard;
			productReference = F5DE39D92F4AD817005DE734 /* MacGuardMechanism.bundle */;
			productType = "com.apple.product-type.bundle";
		};
/* End PBXNativeTarget section */

/* Begin PBXProject section */
		F5DE39D12F4AD817005DE734 /* Project object */ = {
			isa = PBXProject;
			attributes = {
				BuildIndependentTargetsInParallel = 1;
				LastSwiftUpdateCheck = 1640;
				LastUpgradeCheck = 1640;
				TargetAttributes = {
					F53A20BF2F6A1E80004987EC = {
						CreatedOnToolsVersion = 16.4;
					};
					F53A20CF2F6A1E81004987EC = {
						CreatedOnToolsVersion = 16.4;
						TestTargetID = F53A20BF2F6A1E80004987EC;
					};
					F53A20D92F6A1E81004987EC = {
						CreatedOnToolsVersion = 16.4;
						TestTargetID = F53A20BF2F6A1E80004987EC;
					};
					F5DE39D82F4AD817005DE734 = {
						CreatedOnToolsVersion = 16.4;
						LastSwiftMigration = 1640;
					};
				};
			};
			buildConfigurationList = F5DE39D42F4AD817005DE734 /* Build configuration list for PBXProject "MacGuard" */;
			compatibilityVersion = "Xcode 12.0";
			developmentRegion = en;
			hasScannedForEncodings = 0;
			knownRegions = (
				en,
				Base,
			);
			mainGroup = F5DE39D02F4AD817005DE734;
			minimizedProjectReferenceProxies = 1;
			packageReferences = (
				F53A20ED2F6A1F7C004987EC /* XCRemoteSwiftPackageReference "firebase-ios-sdk" */,
				F53A21022F7016E3004987EC /* XCRemoteSwiftPackageReference "GoogleSignIn-iOS" */,
			);
			productRefGroup = F5DE39DA2F4AD817005DE734 /* Products */;
			projectDirPath = "";
			projectRoot = "";
			targets = (
				F5DE39D82F4AD817005DE734 /* MacGuardMechanism */,
				F53A20BF2F6A1E80004987EC /* MacGuard */,
				F53A20CF2F6A1E81004987EC /* totpVerifierTests */,
				F53A20D92F6A1E81004987EC /* totpVerifierUITests */,
			);
		};
/* End PBXProject section */

/* Begin PBXResourcesBuildPhase section */
		F53A20BE2F6A1E80004987EC /* Resources */ = {
			isa = PBXResourcesBuildPhase;
			buildActionMask = 2147483647;
			files = (
			);
			runOnlyForDeploymentPostprocessing = 0;
		};
		F53A20CE2F6A1E81004987EC /* Resources */ = {
			isa = PBXResourcesBuildPhase;
			buildActionMask = 2147483647;
			files = (
			);
			runOnlyForDeploymentPostprocessing = 0;
		};
		F53A20D82F6A1E81004987EC /* Resources */ = {
			isa = PBXResourcesBuildPhase;
			buildActionMask = 2147483647;
			files = (
			);
			runOnlyForDeploymentPostprocessing = 0;
		};
		F5DE39D72F4AD817005DE734 /* Resources */ = {
			isa = PBXResourcesBuildPhase;
			buildActionMask = 2147483647;
			files = (
			);
			runOnlyForDeploymentPostprocessing = 0;
		};
/* End PBXResourcesBuildPhase section */

/* Begin PBXSourcesBuildPhase section */
		F53A20BC2F6A1E80004987EC /* Sources */ = {
			isa = PBXSourcesBuildPhase;
			buildActionMask = 2147483647;
			files = (
			);
			runOnlyForDeploymentPostprocessing = 0;
		};
		F53A20CC2F6A1E81004987EC /* Sources */ = {
			isa = PBXSourcesBuildPhase;
			buildActionMask = 2147483647;
			files = (
			);
			runOnlyForDeploymentPostprocessing = 0;
		};
		F53A20D62F6A1E81004987EC /* Sources */ = {
			isa = PBXSourcesBuildPhase;
			buildActionMask = 2147483647;
			files = (
			);
			runOnlyForDeploymentPostprocessing = 0;
		};
		F5DE39D52F4AD817005DE734 /* Sources */ = {
			isa = PBXSourcesBuildPhase;
			buildActionMask = 2147483647;
			files = (
			);
			runOnlyForDeploymentPostprocessing = 0;
		};
/* End PBXSourcesBuildPhase section */

/* Begin PBXTargetDependency section */
		F53A20D22F6A1E81004987EC /* PBXTargetDependency */ = {
			isa = PBXTargetDependency;
			target = F53A20BF2F6A1E80004987EC /* MacGuard */;
			targetProxy = F53A20D12F6A1E81004987EC /* PBXContainerItemProxy */;
		};
		F53A20DC2F6A1E81004987EC /* PBXTargetDependency */ = {
			isa = PBXTargetDependency;
			target = F53A20BF2F6A1E80004987EC /* MacGuard */;
			targetProxy = F53A20DB2F6A1E81004987EC /* PBXContainerItemProxy */;
		};
/* End PBXTargetDependency section */

/* Begin XCBuildConfiguration section */
		F53A20E22F6A1E81004987EC /* Debug */ = {
			isa = XCBuildConfiguration;
			buildSettings = {
				ASSETCATALOG_COMPILER_APPICON_NAME = AppIcon;
				ASSETCATALOG_COMPILER_GLOBAL_ACCENT_COLOR_NAME = AccentColor;
				CODE_SIGN_ENTITLEMENTS = totpVerifier/totpVerifier.entitlements;
				"CODE_SIGN_IDENTITY[sdk=macosx*]" = "Apple Development";
				CODE_SIGN_STYLE = Automatic;
				COMBINE_HIDPI_IMAGES = YES;
				CURRENT_PROJECT_VERSION = 1;
				DEVELOPMENT_TEAM = S28CR8HSTU;
				ENABLE_HARDENED_RUNTIME = YES;
				GENERATE_INFOPLIST_FILE = YES;
				INFOPLIST_FILE = totpVerifier/Info.plist;
				INFOPLIST_KEY_NSHumanReadableCopyright = "";
				INFOPLIST_KEY_NSMainStoryboardFile = Main;
				INFOPLIST_KEY_NSPrincipalClass = NSApplication;
				LD_RUNPATH_SEARCH_PATHS = (
					"$(inherited)",
					"@executable_path/../Frameworks",
				);
				MARKETING_VERSION = 1.0;
				PRODUCT_BUNDLE_IDENTIFIER = com.sample.totpVerifier;
				PRODUCT_NAME = "$(TARGET_NAME)";
				REGISTER_APP_GROUPS = YES;
				SWIFT_ACTIVE_COMPILATION_CONDITIONS = "DEBUG $(inherited)";
				SWIFT_EMIT_LOC_STRINGS = YES;
				SWIFT_OPTIMIZATION_LEVEL = "-Onone";
				SWIFT_VERSION = 5.0;
			};
			name = Debug;
		};
		F53A20E32F6A1E81004987EC /* Release */ = {
			isa = XCBuildConfiguration;
			buildSettings = {
				ASSETCATALOG_COMPILER_APPICON_NAME = AppIcon;
				ASSETCATALOG_COMPILER_GLOBAL_ACCENT_COLOR_NAME = AccentColor;
				CODE_SIGN_ENTITLEMENTS = totpVerifier/totpVerifier.entitlements;
				"CODE_SIGN_IDENTITY[sdk=macosx*]" = "Apple Development";
				CODE_SIGN_STYLE = Automatic;
				COMBINE_HIDPI_IMAGES = YES;
				CURRENT_PROJECT_VERSION = 1;
				DEVELOPMENT_TEAM = S28CR8HSTU;
				ENABLE_HARDENED_RUNTIME = YES;
				GENERATE_INFOPLIST_FILE = YES;
				INFOPLIST_FILE = totpVerifier/Info.plist;
				INFOPLIST_KEY_NSHumanReadableCopyright = "";
				INFOPLIST_KEY_NSMainStoryboardFile = Main;
				INFOPLIST_KEY_NSPrincipalClass = NSApplication;
				LD_RUNPATH_SEARCH_PATHS = (
					"$(inherited)",
					"@executable_path/../Frameworks",
				);
				MARKETING_VERSION = 1.0;
				PRODUCT_BUNDLE_IDENTIFIER = com.sample.totpVerifier;
				PRODUCT_NAME = "$(TARGET_NAME)";
				REGISTER_APP_GROUPS = YES;
				SWIFT_COMPILATION_MODE = wholemodule;
				SWIFT_EMIT_LOC_STRINGS = YES;
				SWIFT_VERSION = 5.0;
			};
			name = Release;
		};
		F53A20E42F6A1E81004987EC /* Debug */ = {
			isa = XCBuildConfiguration;
			buildSettings = {
				BUNDLE_LOADER = "$(TEST_HOST)";
				CODE_SIGN_STYLE = Automatic;
				CURRENT_PROJECT_VERSION = 1;
				DEVELOPMENT_TEAM = S28CR8HSTU;
				GENERATE_INFOPLIST_FILE = YES;
				MACOSX_DEPLOYMENT_TARGET = 15.5;
				MARKETING_VERSION = 1.0;
				PRODUCT_BUNDLE_IDENTIFIER = com.sample.totpVerifierTests;
				PRODUCT_NAME = "$(TARGET_NAME)";
				SWIFT_ACTIVE_COMPILATION_CONDITIONS = "DEBUG $(inherited)";
				SWIFT_EMIT_LOC_STRINGS = NO;
				SWIFT_OPTIMIZATION_LEVEL = "-Onone";
				SWIFT_VERSION = 5.0;
				TEST_HOST = "$(BUILT_PRODUCTS_DIR)/totpVerifier.app/$(BUNDLE_EXECUTABLE_FOLDER_PATH)/totpVerifier";
			};
			name = Debug;
		};
		F53A20E52F6A1E81004987EC /* Release */ = {
			isa = XCBuildConfiguration;
			buildSettings = {
				BUNDLE_LOADER = "$(TEST_HOST)";
				CODE_SIGN_STYLE = Automatic;
				CURRENT_PROJECT_VERSION = 1;
				DEVELOPMENT_TEAM = S28CR8HSTU;
				GENERATE_INFOPLIST_FILE = YES;
				MACOSX_DEPLOYMENT_TARGET = 15.5;
				MARKETING_VERSION = 1.0;
				PRODUCT_BUNDLE_IDENTIFIER = com.sample.totpVerifierTests;
				PRODUCT_NAME = "$(TARGET_NAME)";
				SWIFT_COMPILATION_MODE = wholemodule;
				SWIFT_EMIT_LOC_STRINGS = NO;
				SWIFT_VERSION = 5.0;
				TEST_HOST = "$(BUILT_PRODUCTS_DIR)/totpVerifier.app/$(BUNDLE_EXECUTABLE_FOLDER_PATH)/totpVerifier";
			};
			name = Release;
		};
		F53A20E62F6A1E81004987EC /* Debug */ = {
			isa = XCBuildConfiguration;
			buildSettings = {
				CODE_SIGN_STYLE = Automatic;
				CURRENT_PROJECT_VERSION = 1;
				DEVELOPMENT_TEAM = S28CR8HSTU;
				GENERATE_INFOPLIST_FILE = YES;
				MARKETING_VERSION = 1.0;
				PRODUCT_BUNDLE_IDENTIFIER = com.sample.totpVerifierUITests;
				PRODUCT_NAME = "$(TARGET_NAME)";
				SWIFT_ACTIVE_COMPILATION_CONDITIONS = "DEBUG $(inherited)";
				SWIFT_EMIT_LOC_STRINGS = NO;
				SWIFT_OPTIMIZATION_LEVEL = "-Onone";
				SWIFT_VERSION = 5.0;
				TEST_TARGET_NAME = totpVerifier;
			};
			name = Debug;
		};
		F53A20E72F6A1E81004987EC /* Release */ = {
			isa = XCBuildConfiguration;
			buildSettings = {
				CODE_SIGN_STYLE = Automatic;
				CURRENT_PROJECT_VERSION = 1;
				DEVELOPMENT_TEAM = S28CR8HSTU;
				GENERATE_INFOPLIST_FILE = YES;
				MARKETING_VERSION = 1.0;
				PRODUCT_BUNDLE_IDENTIFIER = com.sample.totpVerifierUITests;
				PRODUCT_NAME = "$(TARGET_NAME)";
				SWIFT_COMPILATION_MODE = wholemodule;
				SWIFT_EMIT_LOC_STRINGS = NO;
				SWIFT_VERSION = 5.0;
				TEST_TARGET_NAME = totpVerifier;
			};
			name = Release;
		};
		F5DE39DB2F4AD817005DE734 /* Debug */ = {
			isa = XCBuildConfiguration;
			buildSettings = {
				ALWAYS_SEARCH_USER_PATHS = NO;
				ASSETCATALOG_COMPILER_GENERATE_SWIFT_ASSET_SYMBOL_EXTENSIONS = YES;
				CLANG_ANALYZER_NONNULL = YES;
				CLANG_ANALYZER_NUMBER_OBJECT_CONVERSION = YES_AGGRESSIVE;
				CLANG_CXX_LANGUAGE_STANDARD = "gnu++20";
				CLANG_ENABLE_MODULES = YES;
				CLANG_ENABLE_OBJC_ARC = YES;
				CLANG_ENABLE_OBJC_WEAK = YES;
				CLANG_WARN_BLOCK_CAPTURE_AUTORELEASING = YES;
				CLANG_WARN_BOOL_CONVERSION = YES;
				CLANG_WARN_COMMA = YES;
				CLANG_WARN_CONSTANT_CONVERSION = YES;
				CLANG_WARN_DEPRECATED_OBJC_IMPLEMENTATIONS = YES;
				CLANG_WARN_DIRECT_OBJC_ISA_USAGE = YES_ERROR;
				CLANG_WARN_DOCUMENTATION_COMMENTS = YES;
				CLANG_WARN_EMPTY_BODY = YES;
				CLANG_WARN_ENUM_CONVERSION = YES;
				CLANG_WARN_INFINITE_RECURSION = YES;
				CLANG_WARN_INT_CONVERSION = YES;
				CLANG_WARN_NON_LITERAL_NULL_CONVERSION = YES;
				CLANG_WARN_OBJC_IMPLICIT_RETAIN_SELF = YES;
				CLANG_WARN_OBJC_LITERAL_CONVERSION = YES;
				CLANG_WARN_OBJC_ROOT_CLASS = YES_ERROR;
				CLANG_WARN_QUOTED_INCLUDE_IN_FRAMEWORK_HEADER = YES;
				CLANG_WARN_RANGE_LOOP_ANALYSIS = YES;
				CLANG_WARN_STRICT_PROTOTYPES = YES;
				CLANG_WARN_SUSPICIOUS_MOVE = YES;
				CLANG_WARN_UNGUARDED_AVAILABILITY = YES_AGGRESSIVE;
				CLANG_WARN_UNREACHABLE_CODE = YES;
				CLANG_WARN__DUPLICATE_METHOD_MATCH = YES;
				COPY_PHASE_STRIP = NO;
				DEBUG_INFORMATION_FORMAT = dwarf;
				DEVELOPMENT_TEAM = S28CR8HSTU;
				ENABLE_STRICT_OBJC_MSGSEND = YES;
				ENABLE_TESTABILITY = YES;
				ENABLE_USER_SCRIPT_SANDBOXING = YES;
				GCC_C_LANGUAGE_STANDARD = gnu17;
				GCC_DYNAMIC_NO_PIC = NO;
				GCC_NO_COMMON_BLOCKS = YES;
				GCC_OPTIMIZATION_LEVEL = 0;
				GCC_PREPROCESSOR_DEFINITIONS = (
					"DEBUG=1",
					"$(inherited)",
				);
				GCC_WARN_64_TO_32_BIT_CONVERSION = YES;
				GCC_WARN_ABOUT_RETURN_TYPE = YES_ERROR;
				GCC_WARN_UNDECLARED_SELECTOR = YES;
				GCC_WARN_UNINITIALIZED_AUTOS = YES_AGGRESSIVE;
				GCC_WARN_UNUSED_FUNCTION = YES;
				GCC_WARN_UNUSED_VARIABLE = YES;
				LOCALIZATION_PREFERS_STRING_CATALOGS = YES;
				MACOSX_DEPLOYMENT_TARGET = 15.5;
				MTL_ENABLE_DEBUG_INFO = INCLUDE_SOURCE;
				MTL_FAST_MATH = YES;
				ONLY_ACTIVE_ARCH = YES;
				PRODUCT_MODULE_NAME = MacGuard;
				SDKROOT = macosx;
				SWIFT_VERSION = 4.2;
			};
			name = Debug;
		};
		F5DE39DC2F4AD817005DE734 /* Release */ = {
			isa = XCBuildConfiguration;
			buildSettings = {
				ALWAYS_SEARCH_USER_PATHS = NO;
				ASSETCATALOG_COMPILER_GENERATE_SWIFT_ASSET_SYMBOL_EXTENSIONS = YES;
				CLANG_ANALYZER_NONNULL = YES;
				CLANG_ANALYZER_NUMBER_OBJECT_CONVERSION = YES_AGGRESSIVE;
				CLANG_CXX_LANGUAGE_STANDARD = "gnu++20";
				CLANG_ENABLE_MODULES = YES;
				CLANG_ENABLE_OBJC_ARC = YES;
				CLANG_ENABLE_OBJC_WEAK = YES;
				CLANG_WARN_BLOCK_CAPTURE_AUTORELEASING = YES;
				CLANG_WARN_BOOL_CONVERSION = YES;
				CLANG_WARN_COMMA = YES;
				CLANG_WARN_CONSTANT_CONVERSION = YES;
				CLANG_WARN_DEPRECATED_OBJC_IMPLEMENTATIONS = YES;
				CLANG_WARN_DIRECT_OBJC_ISA_USAGE = YES_ERROR;
				CLANG_WARN_DOCUMENTATION_COMMENTS = YES;
				CLANG_WARN_EMPTY_BODY = YES;
				CLANG_WARN_ENUM_CONVERSION = YES;
				CLANG_WARN_INFINITE_RECURSION = YES;
				CLANG_WARN_INT_CONVERSION = YES;
				CLANG_WARN_NON_LITERAL_NULL_CONVERSION = YES;
				CLANG_WARN_OBJC_IMPLICIT_RETAIN_SELF = YES;
				CLANG_WARN_OBJC_LITERAL_CONVERSION = YES;
				CLANG_WARN_OBJC_ROOT_CLASS = YES_ERROR;
				CLANG_WARN_QUOTED_INCLUDE_IN_FRAMEWORK_HEADER = YES;
				CLANG_WARN_RANGE_LOOP_ANALYSIS = YES;
				CLANG_WARN_STRICT_PROTOTYPES = YES;
				CLANG_WARN_SUSPICIOUS_MOVE = YES;
				CLANG_WARN_UNGUARDED_AVAILABILITY = YES_AGGRESSIVE;
				CLANG_WARN_UNREACHABLE_CODE = YES;
				CLANG_WARN__DUPLICATE_METHOD_MATCH = YES;
				COPY_PHASE_STRIP = NO;
				DEBUG_INFORMATION_FORMAT = "dwarf-with-dsym";
				DEVELOPMENT_TEAM = S28CR8HSTU;
				ENABLE_NS_ASSERTIONS = NO;
				ENABLE_STRICT_OBJC_MSGSEND = YES;
				ENABLE_USER_SCRIPT_SANDBOXING = YES;
				GCC_C_LANGUAGE_STANDARD = gnu17;
				GCC_NO_COMMON_BLOCKS = YES;
				GCC_WARN_64_TO_32_BIT_CONVERSION = YES;
				GCC_WARN_ABOUT_RETURN_TYPE = YES_ERROR;
				GCC_WARN_UNDECLARED_SELECTOR = YES;
				GCC_WARN_UNINITIALIZED_AUTOS = YES_AGGRESSIVE;
				GCC_WARN_UNUSED_FUNCTION = YES;
				GCC_WARN_UNUSED_VARIABLE = YES;
				LOCALIZATION_PREFERS_STRING_CATALOGS = YES;
				MACOSX_DEPLOYMENT_TARGET = 15.5;
				MTL_ENABLE_DEBUG_INFO = NO;
				MTL_FAST_MATH = YES;
				PRODUCT_MODULE_NAME = MacGuard;
				SDKROOT = macosx;
				SWIFT_VERSION = 4.2;
			};
			name = Release;
		};
		F5DE39DE2F4AD817005DE734 /* Debug */ = {
			isa = XCBuildConfiguration;
			buildSettings = {
				CLANG_ENABLE_MODULES = YES;
				CODE_SIGN_STYLE = Automatic;
				COMBINE_HIDPI_IMAGES = YES;
				CURRENT_PROJECT_VERSION = 1;
				DEVELOPMENT_TEAM = S28CR8HSTU;
				GENERATE_INFOPLIST_FILE = YES;
				INFOPLIST_KEY_NSHumanReadableCopyright = "";
				INFOPLIST_KEY_NSPrincipalClass = "";
				INSTALL_PATH = "$(LOCAL_LIBRARY_DIR)/Bundles";
				MARKETING_VERSION = 1.0;
				PRODUCT_BUNDLE_IDENTIFIER = com.petasos.MacGuard;
				PRODUCT_NAME = "$(TARGET_NAME)";
				SKIP_INSTALL = YES;
				SWIFT_EMIT_LOC_STRINGS = YES;
				SWIFT_OBJC_BRIDGING_HEADER = "MacGuard-Bridging-Header.h";
				SWIFT_OPTIMIZATION_LEVEL = "-Onone";
				SWIFT_VERSION = 4.2;
				WRAPPER_EXTENSION = bundle;
			};
			name = Debug;
		};
		F5DE39DF2F4AD817005DE734 /* Release */ = {
			isa = XCBuildConfiguration;
			buildSettings = {
				CLANG_ENABLE_MODULES = YES;
				CODE_SIGN_STYLE = Automatic;
				COMBINE_HIDPI_IMAGES = YES;
				CURRENT_PROJECT_VERSION = 1;
				DEVELOPMENT_TEAM = S28CR8HSTU;
				GENERATE_INFOPLIST_FILE = YES;
				INFOPLIST_KEY_NSHumanReadableCopyright = "";
				INFOPLIST_KEY_NSPrincipalClass = "";
				INSTALL_PATH = "$(LOCAL_LIBRARY_DIR)/Bundles";
				MARKETING_VERSION = 1.0;
				PRODUCT_BUNDLE_IDENTIFIER = com.petasos.MacGuard;
				PRODUCT_NAME = "$(TARGET_NAME)";
				SKIP_INSTALL = YES;
				SWIFT_EMIT_LOC_STRINGS = YES;
				SWIFT_OBJC_BRIDGING_HEADER = "MacGuard-Bridging-Header.h";
				SWIFT_VERSION = 4.2;
				WRAPPER_EXTENSION = bundle;
			};
			name = Release;
		};
/* End XCBuildConfiguration section */

/* Begin XCConfigurationList section */
		F53A20E82F6A1E81004987EC /* Build configuration list for PBXNativeTarget "MacGuard" */ = {
			isa = XCConfigurationList;
			buildConfigurations = (
				F53A20E22F6A1E81004987EC /* Debug */,
				F53A20E32F6A1E81004987EC /* Release */,
			);
			defaultConfigurationIsVisible = 0;
			defaultConfigurationName = Release;
		};
		F53A20E92F6A1E81004987EC /* Build configuration list for PBXNativeTarget "totpVerifierTests" */ = {
			isa = XCConfigurationList;
			buildConfigurations = (
				F53A20E42F6A1E81004987EC /* Debug */,
				F53A20E52F6A1E81004987EC /* Release */,
			);
			defaultConfigurationIsVisible = 0;
			defaultConfigurationName = Release;
		};
		F53A20EA2F6A1E81004987EC /* Build configuration list for PBXNativeTarget "totpVerifierUITests" */ = {
			isa = XCConfigurationList;
			buildConfigurations = (
				F53A20E62F6A1E81004987EC /* Debug */,
				F53A20E72F6A1E81004987EC /* Release */,
			);
			defaultConfigurationIsVisible = 0;
			defaultConfigurationName = Release;
		};
		F5DE39D42F4AD817005DE734 /* Build configuration list for PBXProject "MacGuard" */ = {
			isa = XCConfigurationList;
			buildConfigurations = (
				F5DE39DB2F4AD817005DE734 /* Debug */,
				F5DE39DC2F4AD817005DE734 /* Release */,
			);
			defaultConfigurationIsVisible = 0;
			defaultConfigurationName = Release;
		};
		F5DE39DD2F4AD817005DE734 /* Build configuration list for PBXNativeTarget "MacGuardMechanism" */ = {
			isa = XCConfigurationList;
			buildConfigurations = (
				F5DE39DE2F4AD817005DE734 /* Debug */,
				F5DE39DF2F4AD817005DE734 /* Release */,
			);
			defaultConfigurationIsVisible = 0;
			defaultConfigurationName = Release;
		};
/* End XCConfigurationList section */

/* Begin XCRemoteSwiftPackageReference section */
		F53A20ED2F6A1F7C004987EC /* XCRemoteSwiftPackageReference "firebase-ios-sdk" */ = {
			isa = XCRemoteSwiftPackageReference;
			repositoryURL = "https://github.com/firebase/firebase-ios-sdk.git";
			requirement = {
				kind = upToNextMajorVersion;
				minimumVersion = 12.11.0;
			};
		};
		F53A21022F7016E3004987EC /* XCRemoteSwiftPackageReference "GoogleSignIn-iOS" */ = {
			isa = XCRemoteSwiftPackageReference;
			repositoryURL = "https://github.com/google/GoogleSignIn-iOS";
			requirement = {
				kind = upToNextMajorVersion;
				minimumVersion = 9.1.0;
			};
		};
/* End XCRemoteSwiftPackageReference section */

/* Begin XCSwiftPackageProductDependency section */
		F53A20F12F6A20B9004987EC /* FirebaseAuth */ = {
			isa = XCSwiftPackageProductDependency;
			package = F53A20ED2F6A1F7C004987EC /* XCRemoteSwiftPackageReference "firebase-ios-sdk" */;
			productName = FirebaseAuth;
		};
		F53A21032F7016EC004987EC /* GoogleSignIn */ = {
			isa = XCSwiftPackageProductDependency;
			package = F53A21022F7016E3004987EC /* XCRemoteSwiftPackageReference "GoogleSignIn-iOS" */;
			productName = GoogleSignIn;
		};
		F53A21052F701776004987EC /* GoogleSignInSwift */ = {
			isa = XCSwiftPackageProductDependency;
			package = F53A21022F7016E3004987EC /* XCRemoteSwiftPackageReference "GoogleSignIn-iOS" */;
			productName = GoogleSignInSwift;
		};
		F53A211F2F757604004987EC /* FirebaseCore */ = {
			isa = XCSwiftPackageProductDependency;
			package = F53A20ED2F6A1F7C004987EC /* XCRemoteSwiftPackageReference "firebase-ios-sdk" */;
			productName = FirebaseCore;
		};
/* End XCSwiftPackageProductDependency section */
	};
	rootObject = F5DE39D12F4AD817005DE734 /* Project object */;
}
